{
  "name": "SpotifyFrontend.Web",
  "lockfileVersion": 2,
  "requires": true,
  "packages": {
    "": {
      "dependencies": {
        "spotify-api.js": "^9.0.1"
      }
    },
    "node_modules/axios": {
      "version": "0.21.4",
      "resolved": "https://registry.npmjs.org/axios/-/axios-0.21.4.tgz",
      "integrity": "sha512-ut5vewkiu8jjGBdqpM44XxjuCjq9LAKeHVmoVfHVzy8eHgxxq8SbAVQNovDA8mVi05kP0Ea/n/UzcSHcTJQfNg==",
      "dependencies": {
        "follow-redirects": "^1.14.0"
      }
    },
    "node_modules/follow-redirects": {
      "version": "1.14.5",
      "resolved": "https://registry.npmjs.org/follow-redirects/-/follow-redirects-1.14.5.tgz",
      "integrity": "sha512-wtphSXy7d4/OR+MvIFbCVBDzZ5520qV8XfPklSN5QtxuMUJZ+b0Wnst1e1lCDocfzuCkHqj8k0FpZqO+UIaKNA==",
      "funding": [
        {
          "type": "individual",
          "url": "https://github.com/sponsors/RubenVerborgh"
        }
      ],
      "engines": {
        "node": ">=4.0"
      },
      "peerDependenciesMeta": {
        "debug": {
          "optional": true
        }
      }
    },
    "node_modules/spotify-api.js": {
      "version": "9.0.1",
      "resolved": "https://registry.npmjs.org/spotify-api.js/-/spotify-api.js-9.0.1.tgz",
      "integrity": "sha512-+/oKnWWeas2y/un/z1SA8t4JNLd3S5aKOLd5HgLyZSt3wR29oSpUUD1Hue7Yfd4n5RoUgM8seDLxiD8OqUuGAw==",
      "dependencies": {
        "axios": "^0.21.1",
        "spotify-types": "^1.0.0"
      }
    },
    "node_modules/spotify-types": {
      "version": "1.0.0",
      "resolved": "https://registry.npmjs.org/spotify-types/-/spotify-types-1.0.0.tgz",
      "integrity": "sha512-WAAsmN6rhshF0QyNyBz8ujbk0FYgEMrF2/xSByvnKe15U9xqrXxzzuNDEf7i1e5B7/Tz0jeBGpHh6YfRRr2DUw=="
    }
  },
  "dependencies": {
    "axios": {
      "version": "0.21.4",
      "resolved": "https://registry.npmjs.org/axios/-/axios-0.21.4.tgz",
      "integrity": "sha512-ut5vewkiu8jjGBdqpM44XxjuCjq9LAKeHVmoVfHVzy8eHgxxq8SbAVQNovDA8mVi05kP0Ea/n/UzcSHcTJQfNg==",
      "requires": {
        "follow-redirects": "^1.14.0"
      }
    },
    "follow-redirects": {
      "version": "1.14.5",
      "resolved": "https://registry.npmjs.org/follow-redirects/-/follow-redirects-1.14.5.tgz",
      "integrity": "sha512-wtphSXy7d4/OR+MvIFbCVBDzZ5520qV8XfPklSN5QtxuMUJZ+b0Wnst1e1lCDocfzuCkHqj8k0FpZqO+UIaKNA=="
    },
    "spotify-api.js": {
      "version": "9.0.1",
      "resolved": "https://registry.npmjs.org/spotify-api.js/-/spotify-api.js-9.0.1.tgz",
      "integrity": "sha512-+/oKnWWeas2y/un/z1SA8t4JNLd3S5aKOLd5HgLyZSt3wR29oSpUUD1Hue7Yfd4n5RoUgM8seDLxiD8OqUuGAw==",
      "requires": {
        "axios": "^0.21.1",
        "spotify-types": "^1.0.0"
      }
    },
    "spotify-types": {
      "version": "1.0.0",
      "resolved": "https://registry.npmjs.org/spotify-types/-/spotify-types-1.0.0.tgz",
      "integrity": "sha512-WAAsmN6rhshF0QyNyBz8ujbk0FYgEMrF2/xSByvnKe15U9xqrXxzzuNDEf7i1e5B7/Tz0jeBGpHh6YfRRr2DUw=="
    }
  }
}
